# This file is automatically @generated by Cargo.
# It is not intended for manual editing.
version = 4

[[package]]
name = "sigil-cli"
version = "0.1.0"
dependencies = [
 "sigil-frontend-as",
 "sigil-ir",
 "sigil-span",
]

[[package]]
name = "sigil-frontend-as"
version = "0.1.0"
dependencies = [
 "sigil-ir",
 "sigil-isa",
 "sigil-span",
]

[[package]]
name = "sigil-ir"
version = "0.1.0"
dependencies = [
 "sigil-span",
]

[[package]]
name = "sigil-isa"
version = "0.1.0"

[[package]]
name = "sigil-span"
version = "0.1.0"
